
Microsoft Visual Studio Solution File, Format Version 12.00
# Visual Studio Version 17
VisualStudioVersion = 17.0.31903.59
MinimumVisualStudioVersion = 10.0.40219.1
Project("{2150E333-8FDC-42A3-9474-1A3956D46DE8}") = "src", "src", "{A9284C08-1374-489C-8562-31830269DCCD}"
EndProject
Project("{9A19103F-16F7-4668-BE54-9A1E7A4F7556}") = "Identity.API", "src\Identity\Identity.API\Identity.API.csproj", "{58DDEE3C-EE9D-4607-A0F4-073B746CF347}"
EndProject
Project("{2150E333-8FDC-42A3-9474-1A3956D46DE8}") = "Examination", "Examination", "{DF0F38C8-886C-4CEA-B180-3DCCD3FC0272}"
EndProject
Project("{9A19103F-16F7-4668-BE54-9A1E7A4F7556}") = "Examination.API", "src\Examination\Examination.API\Examination.API.csproj", "{43275B58-AEB5-49CA-85F1-6E3F9162D672}"
EndProject
Project("{9A19103F-16F7-4668-BE54-9A1E7A4F7556}") = "Examination.Application", "src\Examination\Examination.Application\Examination.Application.csproj", "{A6857058-7FC8-4A33-84FB-11DA298283BA}"
EndProject
Project("{9A19103F-16F7-4668-BE54-9A1E7A4F7556}") = "Examination.Domain", "src\Examination\Examination.Domain\Examination.Domain.csproj", "{EFC0C3BC-6C6B-4583-8145-FB5B5CAC9317}"
EndProject
Project("{9A19103F-16F7-4668-BE54-9A1E7A4F7556}") = "Examination.Infrastructure", "src\Examination\Examination.Infrastructure\Examination.Infrastructure.csproj", "{2690C014-86D2-460D-805D-9AC5F4D7DA87}"
EndProject
Project("{2150E333-8FDC-42A3-9474-1A3956D46DE8}") = "tests", "tests", "{5BC3BE9E-BBB8-4CD0-9A71-50853E84EE75}"
EndProject
Project("{2150E333-8FDC-42A3-9474-1A3956D46DE8}") = "Examination", "Examination", "{C1C7F5FA-63AE-4FCF-9718-865C03A172FE}"
EndProject
Project("{9A19103F-16F7-4668-BE54-9A1E7A4F7556}") = "Examination.InfrastructureTests", "tests\Examination\Examination.InfrastructureTests\Examination.InfrastructureTests.csproj", "{FC91E919-BF51-41EE-B26B-04086247A8A6}"
EndProject
Project("{9A19103F-16F7-4668-BE54-9A1E7A4F7556}") = "Examination.Application.UnitTests", "tests\Examination\Examination.Application.UnitTests\Examination.Application.UnitTests.csproj", "{15A6022F-10CD-4D09-A9BE-DF9100AFE3BE}"
EndProject
Project("{9A19103F-16F7-4668-BE54-9A1E7A4F7556}") = "Examination.Domain.UnitTests", "tests\Examination\Examination.Domain.UnitTests\Examination.Domain.UnitTests.csproj", "{FE119557-4535-4D93-813E-CFD5557B7169}"
EndProject
Project("{2150E333-8FDC-42A3-9474-1A3956D46DE8}") = "Identity", "Identity", "{64C0B6C5-DA0F-44E3-B629-434D6F33EE0F}"
EndProject
Project("{9A19103F-16F7-4668-BE54-9A1E7A4F7556}") = "Identity.API.IntegrationTests", "tests\Identity\Identity.API.IntegrationTests\Identity.API.IntegrationTests.csproj", "{53D88090-A669-46B0-B6CF-EB93D8FAE384}"
EndProject
Project("{9A19103F-16F7-4668-BE54-9A1E7A4F7556}") = "Examination.API.InfrastructureTests", "tests\Examination\Examination.API.InfrastructureTests\Examination.API.InfrastructureTests.csproj", "{9BDEA1BB-6A24-48B8-9B7C-1B3C068532B5}"
EndProject
Project("{2150E333-8FDC-42A3-9474-1A3956D46DE8}") = "BuildingBlocks", "BuildingBlocks", "{1344D873-3491-4B59-80FE-9745F8F8AE7F}"
EndProject
Project("{9A19103F-16F7-4668-BE54-9A1E7A4F7556}") = "Examination.Dtos", "src\BuildingBlocks\Examination.Dtos\Examination.Dtos.csproj", "{45BA135D-9712-441E-9B4C-A25FDF1EA233}"
EndProject
Project("{2150E333-8FDC-42A3-9474-1A3956D46DE8}") = "Identity", "Identity", "{86E4E1FC-7773-44E8-9C75-AAF42E337513}"
EndProject
Project("{9A19103F-16F7-4668-BE54-9A1E7A4F7556}") = "Identity.Shared.Configuration", "src\Identity\Identity.Shared.Configuration\Identity.Shared.Configuration.csproj", "{4FE315FC-1D52-40E7-97E7-3C3B7B316141}"
EndProject
Project("{9A19103F-16F7-4668-BE54-9A1E7A4F7556}") = "Identity.EntityFramework.Shared", "src\Identity\Identity.EntityFramework.Shared\Identity.EntityFramework.Shared.csproj", "{CA833B2B-764F-4522-889A-0C7EC54F12CF}"
EndProject
Project("{2150E333-8FDC-42A3-9474-1A3956D46DE8}") = "sts", "sts", "{48DD4311-7ACA-48DC-9719-5BFD67BF8922}"
EndProject
Project("{2150E333-8FDC-42A3-9474-1A3956D46DE8}") = "admin", "admin", "{EE2B2065-BFDE-4E86-95ED-DA444D12885B}"
EndProject
Project("{2150E333-8FDC-42A3-9474-1A3956D46DE8}") = "database", "database", "{CB944B90-28D8-42DF-A5BE-50EDD2A87F68}"
EndProject
Project("{2150E333-8FDC-42A3-9474-1A3956D46DE8}") = "business", "business", "{0A35DDC7-184B-4A4B-ABDE-0D451A03E16B}"
EndProject
Project("{9A19103F-16F7-4668-BE54-9A1E7A4F7556}") = "Identity.Admin.UI", "src\Identity\Identity.Admin.UI\Identity.Admin.UI.csproj", "{A7F3679B-3986-4B3C-A07D-5BD877805680}"
EndProject
Project("{9A19103F-16F7-4668-BE54-9A1E7A4F7556}") = "Identity.EntityFramework", "src\Identity\Identity.EntityFramework\Identity.EntityFramework.csproj", "{E81FEF44-4AD2-4A91-B1D3-F6562B2D3555}"
EndProject
Project("{9A19103F-16F7-4668-BE54-9A1E7A4F7556}") = "Identity.EntityFramework.Identity", "src\Identity\Identity.EntityFramework.Identity\Identity.EntityFramework.Identity.csproj", "{6B8A0862-BA38-455C-BCEF-50AD1EB0B6B2}"
EndProject
Project("{9A19103F-16F7-4668-BE54-9A1E7A4F7556}") = "Identity.EntityFramework.Configuration", "src\Identity\Identity.EntityFramework.Configuration\Identity.EntityFramework.Configuration.csproj", "{07CA285B-9B66-443B-8595-8FC3CBE38C97}"
EndProject
Project("{FAE04EC0-301F-11D3-BF4B-00C04F79EFBC}") = "Identity.EntityFramework.SqlServer", "src\Identity\Identity.EntityFramework.SqlServer\Identity.EntityFramework.SqlServer.csproj", "{41728D07-63DB-4643-BB23-93512CB36BED}"
EndProject
Project("{FAE04EC0-301F-11D3-BF4B-00C04F79EFBC}") = "Identity.EntityFramework.MySql", "src\Identity\Identity.EntityFramework.MySql\Identity.EntityFramework.MySql.csproj", "{6209608B-4987-42AF-8CF3-CAB1C3D98B60}"
EndProject
Project("{FAE04EC0-301F-11D3-BF4B-00C04F79EFBC}") = "Identity.EntityFramework.PostgreSQL", "src\Identity\Identity.EntityFramework.PostgreSQL\Identity.EntityFramework.PostgreSQL.csproj", "{D98EA869-6432-4955-B0CD-537BCF649D33}"
EndProject
Project("{FAE04EC0-301F-11D3-BF4B-00C04F79EFBC}") = "Identity.Admin.Api", "src\Identity\Identity.Admin.Api\Identity.Admin.Api.csproj", "{3C9B3C4C-D08A-4242-BD0F-A9FC04CF3B94}"
EndProject
Project("{FAE04EC0-301F-11D3-BF4B-00C04F79EFBC}") = "Identity.BusinessLogic.Identity", "src\Identity\Identity.BusinessLogic.Identity\Identity.BusinessLogic.Identity.csproj", "{D3B80148-C3F9-4A9A-96AA-5B6E096768E3}"
EndProject
Project("{FAE04EC0-301F-11D3-BF4B-00C04F79EFBC}") = "Identity.BusinessLogic.Shared", "src\Identity\Identity.BusinessLogic.Shared\Identity.BusinessLogic.Shared.csproj", "{C5ABAE85-94FB-47E7-A779-8BDDB821BDF7}"
EndProject
Project("{FAE04EC0-301F-11D3-BF4B-00C04F79EFBC}") = "Identity.BusinessLogic", "src\Identity\Identity.BusinessLogic\Identity.BusinessLogic.csproj", "{0710BA9C-E5DE-4505-A6DE-FB96A4FA5EE9}"
EndProject
Project("{FAE04EC0-301F-11D3-BF4B-00C04F79EFBC}") = "Identity.Shared", "src\Identity\Identity.Shared\Identity.Shared.csproj", "{8B1A82E1-2421-47FE-A037-E6542C5E83BE}"
EndProject
Project("{FAE04EC0-301F-11D3-BF4B-00C04F79EFBC}") = "Identity.EntityFramework.Extensions", "src\Identity\Identity.EntityFramework.Extensions\Identity.EntityFramework.Extensions.csproj", "{22516FD2-B4E7-4274-BBDA-E4701FA9285D}"
EndProject
Global
	GlobalSection(SolutionConfigurationPlatforms) = preSolution
		Debug|Any CPU = Debug|Any CPU
		Release|Any CPU = Release|Any CPU
	EndGlobalSection
	GlobalSection(ProjectConfigurationPlatforms) = postSolution
		{58DDEE3C-EE9D-4607-A0F4-073B746CF347}.Debug|Any CPU.ActiveCfg = Debug|Any CPU
		{58DDEE3C-EE9D-4607-A0F4-073B746CF347}.Debug|Any CPU.Build.0 = Debug|Any CPU
		{58DDEE3C-EE9D-4607-A0F4-073B746CF347}.Release|Any CPU.ActiveCfg = Release|Any CPU
		{58DDEE3C-EE9D-4607-A0F4-073B746CF347}.Release|Any CPU.Build.0 = Release|Any CPU
		{43275B58-AEB5-49CA-85F1-6E3F9162D672}.Debug|Any CPU.ActiveCfg = Debug|Any CPU
		{43275B58-AEB5-49CA-85F1-6E3F9162D672}.Debug|Any CPU.Build.0 = Debug|Any CPU
		{43275B58-AEB5-49CA-85F1-6E3F9162D672}.Release|Any CPU.ActiveCfg = Release|Any CPU
		{43275B58-AEB5-49CA-85F1-6E3F9162D672}.Release|Any CPU.Build.0 = Release|Any CPU
		{A6857058-7FC8-4A33-84FB-11DA298283BA}.Debug|Any CPU.ActiveCfg = Debug|Any CPU
		{A6857058-7FC8-4A33-84FB-11DA298283BA}.Debug|Any CPU.Build.0 = Debug|Any CPU
		{A6857058-7FC8-4A33-84FB-11DA298283BA}.Release|Any CPU.ActiveCfg = Release|Any CPU
		{A6857058-7FC8-4A33-84FB-11DA298283BA}.Release|Any CPU.Build.0 = Release|Any CPU
		{EFC0C3BC-6C6B-4583-8145-FB5B5CAC9317}.Debug|Any CPU.ActiveCfg = Debug|Any CPU
		{EFC0C3BC-6C6B-4583-8145-FB5B5CAC9317}.Debug|Any CPU.Build.0 = Debug|Any CPU
		{EFC0C3BC-6C6B-4583-8145-FB5B5CAC9317}.Release|Any CPU.ActiveCfg = Release|Any CPU
		{EFC0C3BC-6C6B-4583-8145-FB5B5CAC9317}.Release|Any CPU.Build.0 = Release|Any CPU
		{2690C014-86D2-460D-805D-9AC5F4D7DA87}.Debug|Any CPU.ActiveCfg = Debug|Any CPU
		{2690C014-86D2-460D-805D-9AC5F4D7DA87}.Debug|Any CPU.Build.0 = Debug|Any CPU
		{2690C014-86D2-460D-805D-9AC5F4D7DA87}.Release|Any CPU.ActiveCfg = Release|Any CPU
		{2690C014-86D2-460D-805D-9AC5F4D7DA87}.Release|Any CPU.Build.0 = Release|Any CPU
		{FC91E919-BF51-41EE-B26B-04086247A8A6}.Debug|Any CPU.ActiveCfg = Debug|Any CPU
		{FC91E919-BF51-41EE-B26B-04086247A8A6}.Debug|Any CPU.Build.0 = Debug|Any CPU
		{FC91E919-BF51-41EE-B26B-04086247A8A6}.Release|Any CPU.ActiveCfg = Release|Any CPU
		{FC91E919-BF51-41EE-B26B-04086247A8A6}.Release|Any CPU.Build.0 = Release|Any CPU
		{15A6022F-10CD-4D09-A9BE-DF9100AFE3BE}.Debug|Any CPU.ActiveCfg = Debug|Any CPU
		{15A6022F-10CD-4D09-A9BE-DF9100AFE3BE}.Debug|Any CPU.Build.0 = Debug|Any CPU
		{15A6022F-10CD-4D09-A9BE-DF9100AFE3BE}.Release|Any CPU.ActiveCfg = Release|Any CPU
		{15A6022F-10CD-4D09-A9BE-DF9100AFE3BE}.Release|Any CPU.Build.0 = Release|Any CPU
		{FE119557-4535-4D93-813E-CFD5557B7169}.Debug|Any CPU.ActiveCfg = Debug|Any CPU
		{FE119557-4535-4D93-813E-CFD5557B7169}.Debug|Any CPU.Build.0 = Debug|Any CPU
		{FE119557-4535-4D93-813E-CFD5557B7169}.Release|Any CPU.ActiveCfg = Release|Any CPU
		{FE119557-4535-4D93-813E-CFD5557B7169}.Release|Any CPU.Build.0 = Release|Any CPU
		{53D88090-A669-46B0-B6CF-EB93D8FAE384}.Debug|Any CPU.ActiveCfg = Debug|Any CPU
		{53D88090-A669-46B0-B6CF-EB93D8FAE384}.Debug|Any CPU.Build.0 = Debug|Any CPU
		{53D88090-A669-46B0-B6CF-EB93D8FAE384}.Release|Any CPU.ActiveCfg = Release|Any CPU
		{53D88090-A669-46B0-B6CF-EB93D8FAE384}.Release|Any CPU.Build.0 = Release|Any CPU
		{9BDEA1BB-6A24-48B8-9B7C-1B3C068532B5}.Debug|Any CPU.ActiveCfg = Debug|Any CPU
		{9BDEA1BB-6A24-48B8-9B7C-1B3C068532B5}.Debug|Any CPU.Build.0 = Debug|Any CPU
		{9BDEA1BB-6A24-48B8-9B7C-1B3C068532B5}.Release|Any CPU.ActiveCfg = Release|Any CPU
		{9BDEA1BB-6A24-48B8-9B7C-1B3C068532B5}.Release|Any CPU.Build.0 = Release|Any CPU
		{45BA135D-9712-441E-9B4C-A25FDF1EA233}.Debug|Any CPU.ActiveCfg = Debug|Any CPU
		{45BA135D-9712-441E-9B4C-A25FDF1EA233}.Debug|Any CPU.Build.0 = Debug|Any CPU
		{45BA135D-9712-441E-9B4C-A25FDF1EA233}.Release|Any CPU.ActiveCfg = Release|Any CPU
		{45BA135D-9712-441E-9B4C-A25FDF1EA233}.Release|Any CPU.Build.0 = Release|Any CPU
		{4FE315FC-1D52-40E7-97E7-3C3B7B316141}.Debug|Any CPU.ActiveCfg = Debug|Any CPU
		{4FE315FC-1D52-40E7-97E7-3C3B7B316141}.Debug|Any CPU.Build.0 = Debug|Any CPU
		{4FE315FC-1D52-40E7-97E7-3C3B7B316141}.Release|Any CPU.ActiveCfg = Release|Any CPU
		{4FE315FC-1D52-40E7-97E7-3C3B7B316141}.Release|Any CPU.Build.0 = Release|Any CPU
		{CA833B2B-764F-4522-889A-0C7EC54F12CF}.Debug|Any CPU.ActiveCfg = Debug|Any CPU
		{CA833B2B-764F-4522-889A-0C7EC54F12CF}.Debug|Any CPU.Build.0 = Debug|Any CPU
		{CA833B2B-764F-4522-889A-0C7EC54F12CF}.Release|Any CPU.ActiveCfg = Release|Any CPU
		{CA833B2B-764F-4522-889A-0C7EC54F12CF}.Release|Any CPU.Build.0 = Release|Any CPU
		{A7F3679B-3986-4B3C-A07D-5BD877805680}.Debug|Any CPU.ActiveCfg = Debug|Any CPU
		{A7F3679B-3986-4B3C-A07D-5BD877805680}.Debug|Any CPU.Build.0 = Debug|Any CPU
		{A7F3679B-3986-4B3C-A07D-5BD877805680}.Release|Any CPU.ActiveCfg = Release|Any CPU
		{A7F3679B-3986-4B3C-A07D-5BD877805680}.Release|Any CPU.Build.0 = Release|Any CPU
		{E81FEF44-4AD2-4A91-B1D3-F6562B2D3555}.Debug|Any CPU.ActiveCfg = Debug|Any CPU
		{E81FEF44-4AD2-4A91-B1D3-F6562B2D3555}.Debug|Any CPU.Build.0 = Debug|Any CPU
		{E81FEF44-4AD2-4A91-B1D3-F6562B2D3555}.Release|Any CPU.ActiveCfg = Release|Any CPU
		{E81FEF44-4AD2-4A91-B1D3-F6562B2D3555}.Release|Any CPU.Build.0 = Release|Any CPU
		{6B8A0862-BA38-455C-BCEF-50AD1EB0B6B2}.Debug|Any CPU.ActiveCfg = Debug|Any CPU
		{6B8A0862-BA38-455C-BCEF-50AD1EB0B6B2}.Debug|Any CPU.Build.0 = Debug|Any CPU
		{6B8A0862-BA38-455C-BCEF-50AD1EB0B6B2}.Release|Any CPU.ActiveCfg = Release|Any CPU
		{6B8A0862-BA38-455C-BCEF-50AD1EB0B6B2}.Release|Any CPU.Build.0 = Release|Any CPU
		{07CA285B-9B66-443B-8595-8FC3CBE38C97}.Debug|Any CPU.ActiveCfg = Debug|Any CPU
		{07CA285B-9B66-443B-8595-8FC3CBE38C97}.Debug|Any CPU.Build.0 = Debug|Any CPU
		{07CA285B-9B66-443B-8595-8FC3CBE38C97}.Release|Any CPU.ActiveCfg = Release|Any CPU
		{07CA285B-9B66-443B-8595-8FC3CBE38C97}.Release|Any CPU.Build.0 = Release|Any CPU
		{41728D07-63DB-4643-BB23-93512CB36BED}.Debug|Any CPU.ActiveCfg = Debug|Any CPU
		{41728D07-63DB-4643-BB23-93512CB36BED}.Debug|Any CPU.Build.0 = Debug|Any CPU
		{41728D07-63DB-4643-BB23-93512CB36BED}.Release|Any CPU.ActiveCfg = Release|Any CPU
		{41728D07-63DB-4643-BB23-93512CB36BED}.Release|Any CPU.Build.0 = Release|Any CPU
		{6209608B-4987-42AF-8CF3-CAB1C3D98B60}.Debug|Any CPU.ActiveCfg = Debug|Any CPU
		{6209608B-4987-42AF-8CF3-CAB1C3D98B60}.Debug|Any CPU.Build.0 = Debug|Any CPU
		{6209608B-4987-42AF-8CF3-CAB1C3D98B60}.Release|Any CPU.ActiveCfg = Release|Any CPU
		{6209608B-4987-42AF-8CF3-CAB1C3D98B60}.Release|Any CPU.Build.0 = Release|Any CPU
		{D98EA869-6432-4955-B0CD-537BCF649D33}.Debug|Any CPU.ActiveCfg = Debug|Any CPU
		{D98EA869-6432-4955-B0CD-537BCF649D33}.Debug|Any CPU.Build.0 = Debug|Any CPU
		{D98EA869-6432-4955-B0CD-537BCF649D33}.Release|Any CPU.ActiveCfg = Release|Any CPU
		{D98EA869-6432-4955-B0CD-537BCF649D33}.Release|Any CPU.Build.0 = Release|Any CPU
		{3C9B3C4C-D08A-4242-BD0F-A9FC04CF3B94}.Debug|Any CPU.ActiveCfg = Debug|Any CPU
		{3C9B3C4C-D08A-4242-BD0F-A9FC04CF3B94}.Debug|Any CPU.Build.0 = Debug|Any CPU
		{3C9B3C4C-D08A-4242-BD0F-A9FC04CF3B94}.Release|Any CPU.ActiveCfg = Release|Any CPU
		{3C9B3C4C-D08A-4242-BD0F-A9FC04CF3B94}.Release|Any CPU.Build.0 = Release|Any CPU
		{D3B80148-C3F9-4A9A-96AA-5B6E096768E3}.Debug|Any CPU.ActiveCfg = Debug|Any CPU
		{D3B80148-C3F9-4A9A-96AA-5B6E096768E3}.Debug|Any CPU.Build.0 = Debug|Any CPU
		{D3B80148-C3F9-4A9A-96AA-5B6E096768E3}.Release|Any CPU.ActiveCfg = Release|Any CPU
		{D3B80148-C3F9-4A9A-96AA-5B6E096768E3}.Release|Any CPU.Build.0 = Release|Any CPU
		{C5ABAE85-94FB-47E7-A779-8BDDB821BDF7}.Debug|Any CPU.ActiveCfg = Debug|Any CPU
		{C5ABAE85-94FB-47E7-A779-8BDDB821BDF7}.Debug|Any CPU.Build.0 = Debug|Any CPU
		{C5ABAE85-94FB-47E7-A779-8BDDB821BDF7}.Release|Any CPU.ActiveCfg = Release|Any CPU
		{C5ABAE85-94FB-47E7-A779-8BDDB821BDF7}.Release|Any CPU.Build.0 = Release|Any CPU
		{0710BA9C-E5DE-4505-A6DE-FB96A4FA5EE9}.Debug|Any CPU.ActiveCfg = Debug|Any CPU
		{0710BA9C-E5DE-4505-A6DE-FB96A4FA5EE9}.Debug|Any CPU.Build.0 = Debug|Any CPU
		{0710BA9C-E5DE-4505-A6DE-FB96A4FA5EE9}.Release|Any CPU.ActiveCfg = Release|Any CPU
		{0710BA9C-E5DE-4505-A6DE-FB96A4FA5EE9}.Release|Any CPU.Build.0 = Release|Any CPU
		{8B1A82E1-2421-47FE-A037-E6542C5E83BE}.Debug|Any CPU.ActiveCfg = Debug|Any CPU
		{8B1A82E1-2421-47FE-A037-E6542C5E83BE}.Debug|Any CPU.Build.0 = Debug|Any CPU
		{8B1A82E1-2421-47FE-A037-E6542C5E83BE}.Release|Any CPU.ActiveCfg = Release|Any CPU
		{8B1A82E1-2421-47FE-A037-E6542C5E83BE}.Release|Any CPU.Build.0 = Release|Any CPU
		{22516FD2-B4E7-4274-BBDA-E4701FA9285D}.Debug|Any CPU.ActiveCfg = Debug|Any CPU
		{22516FD2-B4E7-4274-BBDA-E4701FA9285D}.Debug|Any CPU.Build.0 = Debug|Any CPU
		{22516FD2-B4E7-4274-BBDA-E4701FA9285D}.Release|Any CPU.ActiveCfg = Release|Any CPU
		{22516FD2-B4E7-4274-BBDA-E4701FA9285D}.Release|Any CPU.Build.0 = Release|Any CPU
	EndGlobalSection
	GlobalSection(SolutionProperties) = preSolution
		HideSolutionNode = FALSE
	EndGlobalSection
	GlobalSection(NestedProjects) = preSolution
		{58DDEE3C-EE9D-4607-A0F4-073B746CF347} = {48DD4311-7ACA-48DC-9719-5BFD67BF8922}
		{DF0F38C8-886C-4CEA-B180-3DCCD3FC0272} = {A9284C08-1374-489C-8562-31830269DCCD}
		{43275B58-AEB5-49CA-85F1-6E3F9162D672} = {DF0F38C8-886C-4CEA-B180-3DCCD3FC0272}
		{A6857058-7FC8-4A33-84FB-11DA298283BA} = {DF0F38C8-886C-4CEA-B180-3DCCD3FC0272}
		{EFC0C3BC-6C6B-4583-8145-FB5B5CAC9317} = {DF0F38C8-886C-4CEA-B180-3DCCD3FC0272}
		{2690C014-86D2-460D-805D-9AC5F4D7DA87} = {DF0F38C8-886C-4CEA-B180-3DCCD3FC0272}
		{C1C7F5FA-63AE-4FCF-9718-865C03A172FE} = {5BC3BE9E-BBB8-4CD0-9A71-50853E84EE75}
		{FC91E919-BF51-41EE-B26B-04086247A8A6} = {C1C7F5FA-63AE-4FCF-9718-865C03A172FE}
		{15A6022F-10CD-4D09-A9BE-DF9100AFE3BE} = {C1C7F5FA-63AE-4FCF-9718-865C03A172FE}
		{FE119557-4535-4D93-813E-CFD5557B7169} = {C1C7F5FA-63AE-4FCF-9718-865C03A172FE}
		{64C0B6C5-DA0F-44E3-B629-434D6F33EE0F} = {5BC3BE9E-BBB8-4CD0-9A71-50853E84EE75}
		{53D88090-A669-46B0-B6CF-EB93D8FAE384} = {64C0B6C5-DA0F-44E3-B629-434D6F33EE0F}
		{9BDEA1BB-6A24-48B8-9B7C-1B3C068532B5} = {C1C7F5FA-63AE-4FCF-9718-865C03A172FE}
		{1344D873-3491-4B59-80FE-9745F8F8AE7F} = {A9284C08-1374-489C-8562-31830269DCCD}
		{45BA135D-9712-441E-9B4C-A25FDF1EA233} = {1344D873-3491-4B59-80FE-9745F8F8AE7F}
		{86E4E1FC-7773-44E8-9C75-AAF42E337513} = {A9284C08-1374-489C-8562-31830269DCCD}
		{4FE315FC-1D52-40E7-97E7-3C3B7B316141} = {0A35DDC7-184B-4A4B-ABDE-0D451A03E16B}
		{CA833B2B-764F-4522-889A-0C7EC54F12CF} = {CB944B90-28D8-42DF-A5BE-50EDD2A87F68}
		{48DD4311-7ACA-48DC-9719-5BFD67BF8922} = {86E4E1FC-7773-44E8-9C75-AAF42E337513}
		{EE2B2065-BFDE-4E86-95ED-DA444D12885B} = {86E4E1FC-7773-44E8-9C75-AAF42E337513}
		{CB944B90-28D8-42DF-A5BE-50EDD2A87F68} = {86E4E1FC-7773-44E8-9C75-AAF42E337513}
		{0A35DDC7-184B-4A4B-ABDE-0D451A03E16B} = {86E4E1FC-7773-44E8-9C75-AAF42E337513}
		{A7F3679B-3986-4B3C-A07D-5BD877805680} = {EE2B2065-BFDE-4E86-95ED-DA444D12885B}
		{E81FEF44-4AD2-4A91-B1D3-F6562B2D3555} = {CB944B90-28D8-42DF-A5BE-50EDD2A87F68}
		{6B8A0862-BA38-455C-BCEF-50AD1EB0B6B2} = {CB944B90-28D8-42DF-A5BE-50EDD2A87F68}
		{07CA285B-9B66-443B-8595-8FC3CBE38C97} = {CB944B90-28D8-42DF-A5BE-50EDD2A87F68}
		{41728D07-63DB-4643-BB23-93512CB36BED} = {CB944B90-28D8-42DF-A5BE-50EDD2A87F68}
		{6209608B-4987-42AF-8CF3-CAB1C3D98B60} = {CB944B90-28D8-42DF-A5BE-50EDD2A87F68}
		{D98EA869-6432-4955-B0CD-537BCF649D33} = {CB944B90-28D8-42DF-A5BE-50EDD2A87F68}
		{3C9B3C4C-D08A-4242-BD0F-A9FC04CF3B94} = {EE2B2065-BFDE-4E86-95ED-DA444D12885B}
		{D3B80148-C3F9-4A9A-96AA-5B6E096768E3} = {0A35DDC7-184B-4A4B-ABDE-0D451A03E16B}
		{C5ABAE85-94FB-47E7-A779-8BDDB821BDF7} = {0A35DDC7-184B-4A4B-ABDE-0D451A03E16B}
		{0710BA9C-E5DE-4505-A6DE-FB96A4FA5EE9} = {0A35DDC7-184B-4A4B-ABDE-0D451A03E16B}
		{8B1A82E1-2421-47FE-A037-E6542C5E83BE} = {0A35DDC7-184B-4A4B-ABDE-0D451A03E16B}
		{22516FD2-B4E7-4274-BBDA-E4701FA9285D} = {CB944B90-28D8-42DF-A5BE-50EDD2A87F68}
	EndGlobalSection
	GlobalSection(ExtensibilityGlobals) = postSolution
		SolutionGuid = {D2EA4AB8-3D7C-4A3B-90F6-E78D201507BB}
	EndGlobalSection
EndGlobal
